
Microsoft Visual Studio Solution File, Format Version 12.00
# Visual Studio Version 16
VisualStudioVersion = 16.0.30611.23
MinimumVisualStudioVersion = 10.0.40219.1
Project("{FAE04EC0-301F-11D3-BF4B-00C04F79EFBC}") = "OrganizeData", "OrganizeData\OrganizeData.csproj", "{A467DE7F-0BF7-4807-AA10-119B8FFA47DA}"
EndProject
Global
	GlobalSection(SolutionConfigurationPlatforms) = preSolution
		Debug|Any CPU = Debug|Any CPU
		Release|Any CPU = Release|Any CPU
	EndGlobalSection
	GlobalSection(ProjectConfigurationPlatforms) = postSolution
		{A467DE7F-0BF7-4807-AA10-119B8FFA47DA}.Debug|Any CPU.ActiveCfg = Debug|Any CPU
		{A467DE7F-0BF7-4807-AA10-119B8FFA47DA}.Debug|Any CPU.Build.0 = Debug|Any CPU
		{A467DE7F-0BF7-4807-AA10-119B8FFA47DA}.Release|Any CPU.ActiveCfg = Release|Any CPU
		{A467DE7F-0BF7-4807-AA10-119B8FFA47DA}.Release|Any CPU.Build.0 = Release|Any CPU
	EndGlobalSection
	GlobalSection(SolutionProperties) = preSolution
		HideSolutionNode = FALSE
	EndGlobalSection
	GlobalSection(ExtensibilityGlobals) = postSolution
		SolutionGuid = {4443F916-B166-455D-8CBD-209F52671129}
	EndGlobalSection
EndGlobal
